
Microsoft Visual Studio Solution File, Format Version 12.00
# Visual Studio Version 16
VisualStudioVersion = 16.0.30011.22
MinimumVisualStudioVersion = 10.0.40219.1
Project("{9A19103F-16F7-4668-BE54-9A1E7A4F7556}") = "Easynvest.Desafio.Investimentos.Api", "Easynvest.Desafio.Investimentos.Api\Easynvest.Desafio.Investimentos.Api.csproj", "{549B062A-A44C-4C25-A188-A8678D8512C6}"
EndProject
Project("{9A19103F-16F7-4668-BE54-9A1E7A4F7556}") = "Easynvest.Desafio.Investimentos.Domain", "Easynvest.Desafio.Investimentos.Domain\Easynvest.Desafio.Investimentos.Domain.csproj", "{A074013C-4D79-4A0D-A38E-B60A435E3912}"
EndProject
Project("{FAE04EC0-301F-11D3-BF4B-00C04F79EFBC}") = "Easynvest.Desafio.Investimentos.Infra.Data", "Easynvest.Desafio.Investimentos.Infra.Data\Easynvest.Desafio.Investimentos.Infra.Data.csproj", "{C9F9158E-1C29-48A0-A739-23D810FD8C07}"
EndProject
Project("{FAE04EC0-301F-11D3-BF4B-00C04F79EFBC}") = "Easynvest.Desafio.Investimentos.Infra.IoC", "Easynvest.Desafio.Investimentos.Infra.IoC\Easynvest.Desafio.Investimentos.Infra.IoC.csproj", "{1D8E8630-1E94-44A7-9190-35E92DBFB40D}"
EndProject
Global
	GlobalSection(SolutionConfigurationPlatforms) = preSolution
		Debug|Any CPU = Debug|Any CPU
		Release|Any CPU = Release|Any CPU
	EndGlobalSection
	GlobalSection(ProjectConfigurationPlatforms) = postSolution
		{549B062A-A44C-4C25-A188-A8678D8512C6}.Debug|Any CPU.ActiveCfg = Debug|Any CPU
		{549B062A-A44C-4C25-A188-A8678D8512C6}.Debug|Any CPU.Build.0 = Debug|Any CPU
		{549B062A-A44C-4C25-A188-A8678D8512C6}.Release|Any CPU.ActiveCfg = Release|Any CPU
		{549B062A-A44C-4C25-A188-A8678D8512C6}.Release|Any CPU.Build.0 = Release|Any CPU
		{A074013C-4D79-4A0D-A38E-B60A435E3912}.Debug|Any CPU.ActiveCfg = Debug|Any CPU
		{A074013C-4D79-4A0D-A38E-B60A435E3912}.Debug|Any CPU.Build.0 = Debug|Any CPU
		{A074013C-4D79-4A0D-A38E-B60A435E3912}.Release|Any CPU.ActiveCfg = Release|Any CPU
		{A074013C-4D79-4A0D-A38E-B60A435E3912}.Release|Any CPU.Build.0 = Release|Any CPU
		{C9F9158E-1C29-48A0-A739-23D810FD8C07}.Debug|Any CPU.ActiveCfg = Debug|Any CPU
		{C9F9158E-1C29-48A0-A739-23D810FD8C07}.Debug|Any CPU.Build.0 = Debug|Any CPU
		{C9F9158E-1C29-48A0-A739-23D810FD8C07}.Release|Any CPU.ActiveCfg = Release|Any CPU
		{C9F9158E-1C29-48A0-A739-23D810FD8C07}.Release|Any CPU.Build.0 = Release|Any CPU
		{1D8E8630-1E94-44A7-9190-35E92DBFB40D}.Debug|Any CPU.ActiveCfg = Debug|Any CPU
		{1D8E8630-1E94-44A7-9190-35E92DBFB40D}.Debug|Any CPU.Build.0 = Debug|Any CPU
		{1D8E8630-1E94-44A7-9190-35E92DBFB40D}.Release|Any CPU.ActiveCfg = Release|Any CPU
		{1D8E8630-1E94-44A7-9190-35E92DBFB40D}.Release|Any CPU.Build.0 = Release|Any CPU
	EndGlobalSection
	GlobalSection(SolutionProperties) = preSolution
		HideSolutionNode = FALSE
	EndGlobalSection
	GlobalSection(ExtensibilityGlobals) = postSolution
		SolutionGuid = {6EC594B9-7635-49E8-81C1-6264FE518B7E}
	EndGlobalSection
EndGlobal
